
Microsoft Visual Studio Solution File, Format Version 12.00
# Visual Studio Version 17
VisualStudioVersion = 17.10.34928.147
MinimumVisualStudioVersion = 10.0.40219.1
Project("{FAE04EC0-301F-11D3-BF4B-00C04F79EFBC}") = "JwtAuthApplication.Api", "JwtAuthApplication.Api\JwtAuthApplication.Api.csproj", "{C62EFA3B-252A-4520-9D5E-CEA0FEB763EA}"
EndProject
Project("{FAE04EC0-301F-11D3-BF4B-00C04F79EFBC}") = "JwtAuthApplication.Domain", "JwtAuthApplication.Domain\JwtAuthApplication.Domain.csproj", "{FC763FED-72FA-41BA-AF3F-7665B945B99F}"
EndProject
Project("{FAE04EC0-301F-11D3-BF4B-00C04F79EFBC}") = "JwtAuthApplication.Infrastructure", "JwtAuthApplication.Infrastructure\JwtAuthApplication.Infrastructure.csproj", "{9253F4B6-85C0-4E45-9FC6-01E2600FEEAB}"
EndProject
Project("{FAE04EC0-301F-11D3-BF4B-00C04F79EFBC}") = "JwtAuthApplication.Common", "JwtAuthApplication.Common\JwtAuthApplication.Common.csproj", "{1655F328-3DC6-43E2-BC56-BD5F7DCE2580}"
EndProject
Global
	GlobalSection(SolutionConfigurationPlatforms) = preSolution
		Debug|Any CPU = Debug|Any CPU
		Release|Any CPU = Release|Any CPU
	EndGlobalSection
	GlobalSection(ProjectConfigurationPlatforms) = postSolution
		{C62EFA3B-252A-4520-9D5E-CEA0FEB763EA}.Debug|Any CPU.ActiveCfg = Debug|Any CPU
		{C62EFA3B-252A-4520-9D5E-CEA0FEB763EA}.Debug|Any CPU.Build.0 = Debug|Any CPU
		{C62EFA3B-252A-4520-9D5E-CEA0FEB763EA}.Release|Any CPU.ActiveCfg = Release|Any CPU
		{C62EFA3B-252A-4520-9D5E-CEA0FEB763EA}.Release|Any CPU.Build.0 = Release|Any CPU
		{FC763FED-72FA-41BA-AF3F-7665B945B99F}.Debug|Any CPU.ActiveCfg = Debug|Any CPU
		{FC763FED-72FA-41BA-AF3F-7665B945B99F}.Debug|Any CPU.Build.0 = Debug|Any CPU
		{FC763FED-72FA-41BA-AF3F-7665B945B99F}.Release|Any CPU.ActiveCfg = Release|Any CPU
		{FC763FED-72FA-41BA-AF3F-7665B945B99F}.Release|Any CPU.Build.0 = Release|Any CPU
		{9253F4B6-85C0-4E45-9FC6-01E2600FEEAB}.Debug|Any CPU.ActiveCfg = Debug|Any CPU
		{9253F4B6-85C0-4E45-9FC6-01E2600FEEAB}.Debug|Any CPU.Build.0 = Debug|Any CPU
		{9253F4B6-85C0-4E45-9FC6-01E2600FEEAB}.Release|Any CPU.ActiveCfg = Release|Any CPU
		{9253F4B6-85C0-4E45-9FC6-01E2600FEEAB}.Release|Any CPU.Build.0 = Release|Any CPU
		{1655F328-3DC6-43E2-BC56-BD5F7DCE2580}.Debug|Any CPU.ActiveCfg = Debug|Any CPU
		{1655F328-3DC6-43E2-BC56-BD5F7DCE2580}.Debug|Any CPU.Build.0 = Debug|Any CPU
		{1655F328-3DC6-43E2-BC56-BD5F7DCE2580}.Release|Any CPU.ActiveCfg = Release|Any CPU
		{1655F328-3DC6-43E2-BC56-BD5F7DCE2580}.Release|Any CPU.Build.0 = Release|Any CPU
	EndGlobalSection
	GlobalSection(SolutionProperties) = preSolution
		HideSolutionNode = FALSE
	EndGlobalSection
	GlobalSection(ExtensibilityGlobals) = postSolution
		SolutionGuid = {1EC2A5D5-A22D-46BA-90DF-7486E14CA9C2}
	EndGlobalSection
EndGlobal
